
Microsoft Visual Studio Solution File, Format Version 12.00
# Visual Studio Version 17
VisualStudioVersion = 17.0.32112.339
MinimumVisualStudioVersion = 10.0.40219.1
Project("{FAE04EC0-301F-11D3-BF4B-00C04F79EFBC}") = "Calculator Application", "Calculator Application\Calculator Application.csproj", "{1160E8FA-9F10-454A-B958-954BF96191B9}"
EndProject
Global
	GlobalSection(SolutionConfigurationPlatforms) = preSolution
		Debug|Any CPU = Debug|Any CPU
		Release|Any CPU = Release|Any CPU
	EndGlobalSection
	GlobalSection(ProjectConfigurationPlatforms) = postSolution
		{1160E8FA-9F10-454A-B958-954BF96191B9}.Debug|Any CPU.ActiveCfg = Debug|Any CPU
		{1160E8FA-9F10-454A-B958-954BF96191B9}.Debug|Any CPU.Build.0 = Debug|Any CPU
		{1160E8FA-9F10-454A-B958-954BF96191B9}.Release|Any CPU.ActiveCfg = Release|Any CPU
		{1160E8FA-9F10-454A-B958-954BF96191B9}.Release|Any CPU.Build.0 = Release|Any CPU
	EndGlobalSection
	GlobalSection(SolutionProperties) = preSolution
		HideSolutionNode = FALSE
	EndGlobalSection
	GlobalSection(ExtensibilityGlobals) = postSolution
		SolutionGuid = {AA50AE22-29DC-49AF-A6D1-0610DEAB844F}
	EndGlobalSection
EndGlobal
